
Microsoft Visual Studio Solution File, Format Version 12.00
# Visual Studio Version 17
VisualStudioVersion = 17.5.33414.496
MinimumVisualStudioVersion = 10.0.40219.1
Project("{FAE04EC0-301F-11D3-BF4B-00C04F79EFBC}") = "Masking Data End", "Masking Data End\Masking Data End.csproj", "{0CE6A692-41C8-466C-8CA9-F6559F367B29}"
EndProject
Global
	GlobalSection(SolutionConfigurationPlatforms) = preSolution
		Debug|Any CPU = Debug|Any CPU
		Release|Any CPU = Release|Any CPU
	EndGlobalSection
	GlobalSection(ProjectConfigurationPlatforms) = postSolution
		{0CE6A692-41C8-466C-8CA9-F6559F367B29}.Debug|Any CPU.ActiveCfg = Debug|Any CPU
		{0CE6A692-41C8-466C-8CA9-F6559F367B29}.Debug|Any CPU.Build.0 = Debug|Any CPU
		{0CE6A692-41C8-466C-8CA9-F6559F367B29}.Release|Any CPU.ActiveCfg = Release|Any CPU
		{0CE6A692-41C8-466C-8CA9-F6559F367B29}.Release|Any CPU.Build.0 = Release|Any CPU
	EndGlobalSection
	GlobalSection(SolutionProperties) = preSolution
		HideSolutionNode = FALSE
	EndGlobalSection
	GlobalSection(ExtensibilityGlobals) = postSolution
		SolutionGuid = {A556636F-1B9E-47F7-9A95-E9F565538996}
	EndGlobalSection
EndGlobal
